
Microsoft Visual Studio Solution File, Format Version 12.00
# Visual Studio Version 17
VisualStudioVersion = 17.3.32901.215
MinimumVisualStudioVersion = 10.0.40219.1
Project("{FAE04EC0-301F-11D3-BF4B-00C04F79EFBC}") = "CalcularFrete", "CalcularFrete.csproj", "{899BD347-1FA8-4BD5-95A5-6F5A59C72BD3}"
EndProject
Global
	GlobalSection(SolutionConfigurationPlatforms) = preSolution
		Debug|Any CPU = Debug|Any CPU
		Release|Any CPU = Release|Any CPU
	EndGlobalSection
	GlobalSection(ProjectConfigurationPlatforms) = postSolution
		{899BD347-1FA8-4BD5-95A5-6F5A59C72BD3}.Debug|Any CPU.ActiveCfg = Debug|Any CPU
		{899BD347-1FA8-4BD5-95A5-6F5A59C72BD3}.Debug|Any CPU.Build.0 = Debug|Any CPU
		{899BD347-1FA8-4BD5-95A5-6F5A59C72BD3}.Release|Any CPU.ActiveCfg = Release|Any CPU
		{899BD347-1FA8-4BD5-95A5-6F5A59C72BD3}.Release|Any CPU.Build.0 = Release|Any CPU
	EndGlobalSection
	GlobalSection(SolutionProperties) = preSolution
		HideSolutionNode = FALSE
	EndGlobalSection
	GlobalSection(ExtensibilityGlobals) = postSolution
		SolutionGuid = {A75619D1-4E02-4618-B297-7F0DF44F9267}
	EndGlobalSection
EndGlobal
